
Microsoft Visual Studio Solution File, Format Version 12.00
# Visual Studio Version 17
VisualStudioVersion = 17.6.33829.357
MinimumVisualStudioVersion = 10.0.40219.1
Project("{FAE04EC0-301F-11D3-BF4B-00C04F79EFBC}") = "MainProject", "MainProject\MainProject.csproj", "{0C0845C9-164B-44D0-A2DA-B22BB9748DAC}"
EndProject
Global
	GlobalSection(SolutionConfigurationPlatforms) = preSolution
		Debug|Any CPU = Debug|Any CPU
		Release|Any CPU = Release|Any CPU
	EndGlobalSection
	GlobalSection(ProjectConfigurationPlatforms) = postSolution
		{0C0845C9-164B-44D0-A2DA-B22BB9748DAC}.Debug|Any CPU.ActiveCfg = Debug|Any CPU
		{0C0845C9-164B-44D0-A2DA-B22BB9748DAC}.Debug|Any CPU.Build.0 = Debug|Any CPU
		{0C0845C9-164B-44D0-A2DA-B22BB9748DAC}.Release|Any CPU.ActiveCfg = Release|Any CPU
		{0C0845C9-164B-44D0-A2DA-B22BB9748DAC}.Release|Any CPU.Build.0 = Release|Any CPU
	EndGlobalSection
	GlobalSection(SolutionProperties) = preSolution
		HideSolutionNode = FALSE
	EndGlobalSection
	GlobalSection(ExtensibilityGlobals) = postSolution
		SolutionGuid = {A36C4EA1-9C6A-440D-8CCD-7C13144EA88C}
	EndGlobalSection
EndGlobal
